<?xml version="1.0" encoding="utf-8"?>
<Project ToolsVersion="4.0" xmlns="http://schemas.microsoft.com/developer/msbuild/2003">
  <ItemGroup>
    <Filter Include="tools">
      <UniqueIdentifier>{cd376f15-f332-4dd1-83d6-aa4b99237480}</UniqueIdentifier>
    </Filter>
    <Filter Include="parsers">
      <UniqueIdentifier>{802f6156-043c-458b-b099-9e2c067e5b1a}</UniqueIdentifier>
    </Filter>
  </ItemGroup>
  <ItemGroup>
    <ClCompile Include="..\tools\hunspell.cxx">
      <Filter>tools</Filter>
    </ClCompile>
    <ClCompile Include="..\parsers\firstparser.cxx">
      <Filter>parsers</Filter>
    </ClCompile>
    <ClCompile Include="..\parsers\htmlparser.cxx">
      <Filter>parsers</Filter>
    </ClCompile>
    <ClCompile Include="..\parsers\latexparser.cxx">
      <Filter>parsers</Filter>
    </ClCompile>
    <ClCompile Include="..\parsers\manparser.cxx">
      <Filter>parsers</Filter>
    </ClCompile>
    <ClCompile Include="..\parsers\textparser.cxx">
      <Filter>parsers</Filter>
    </ClCompile>
  </ItemGroup>
  <ItemGroup>
    <ClInclude Include="..\parsers\firstparser.hxx">
      <Filter>parsers</Filter>
    </ClInclude>
    <ClInclude Include="..\parsers\htmlparser.hxx">
      <Filter>parsers</Filter>
    </ClInclude>
    <ClInclude Include="..\parsers\latexparser.hxx">
      <Filter>parsers</Filter>
    </ClInclude>
    <ClInclude Include="..\parsers\manparser.hxx">
      <Filter>parsers</Filter>
    </ClInclude>
    <ClInclude Include="..\parsers\textparser.hxx">
      <Filter>parsers</Filter>
    </ClInclude>
  </ItemGroup>
</Project>